
Microsoft Visual Studio Solution File, Format Version 12.00
# Visual Studio Version 17
VisualStudioVersion = 17.9.34622.214
MinimumVisualStudioVersion = 10.0.40219.1
Project("{8BC9CEB8-8B4A-11D0-8D11-00A0C91BC942}") = "tushuguan", "tushuguan.vcxproj", "{635C89BD-50F3-4562-869A-70BF7FD05118}"
EndProject
Global
	GlobalSection(SolutionConfigurationPlatforms) = preSolution
		Debug|x64 = Debug|x64
		Debug|x86 = Debug|x86
		Release|x64 = Release|x64
		Release|x86 = Release|x86
	EndGlobalSection
	GlobalSection(ProjectConfigurationPlatforms) = postSolution
		{635C89BD-50F3-4562-869A-70BF7FD05118}.Debug|x64.ActiveCfg = Debug|x64
		{635C89BD-50F3-4562-869A-70BF7FD05118}.Debug|x64.Build.0 = Debug|x64
		{635C89BD-50F3-4562-869A-70BF7FD05118}.Debug|x86.ActiveCfg = Debug|Win32
		{635C89BD-50F3-4562-869A-70BF7FD05118}.Debug|x86.Build.0 = Debug|Win32
		{635C89BD-50F3-4562-869A-70BF7FD05118}.Release|x64.ActiveCfg = Release|x64
		{635C89BD-50F3-4562-869A-70BF7FD05118}.Release|x64.Build.0 = Release|x64
		{635C89BD-50F3-4562-869A-70BF7FD05118}.Release|x86.ActiveCfg = Release|Win32
		{635C89BD-50F3-4562-869A-70BF7FD05118}.Release|x86.Build.0 = Release|Win32
	EndGlobalSection
	GlobalSection(SolutionProperties) = preSolution
		HideSolutionNode = FALSE
	EndGlobalSection
	GlobalSection(ExtensibilityGlobals) = postSolution
		SolutionGuid = {8EFFA8D2-5C85-4F4C-B304-DFADD3AF9C0B}
	EndGlobalSection
EndGlobal
